github.com/golang/protobuf v1.3.2 h1:6nsPYzhq5kReh6QImI3k5qWzO4PEbvbIW2cwSfR/6xs=
github.com/golang/protobuf v1.3.2/go.mod h1:6lQm79b+lXiMfvg/cZm0SGofjICqVBUtrP5yJMmIC1U=
github.com/yoheimuta/go-protoparser v3.4.0+incompatible h1:FdE033NnKLsvJFpfcy7eH9Rzl1k9f88HDmu9anoTsyY=
github.com/yoheimuta/go-protoparser v3.4.0+incompatible/go.mod h1:NMMDARGayMyLM9oD1JUgKyF1Tv7aj9S+KcTG4lqvemo=
