# This file is autogenerated, do not edit; changes may be undone by the next 'dep ensure'.


[[projects]]
  digest = "1:5b015d8d9216da6f42b927511c38b0f3848b8c4e191a7c1411a2e24f27781619"
  name = "github.com/graphql-go/graphql"
  packages = [
    "gqlerrors",
    "language/ast",
    "language/kinds",
    "language/lexer",
    "language/location",
    "language/parser",
    "language/printer",
    "language/source",
    "language/typeInfo",
    "language/visitor",
  ]
  pruneopts = "UT"
  revision = "2b0b7340d2285b861482047fbf5de0488e021bea"
  version = "v0.7.8"

[[projects]]
  digest = "1:54d24b6b197acff24e0a56a7aa81e1f5f81c4f7def38e0e98134736314f98975"
  name = "github.com/yoheimuta/go-protoparser"
  packages = [
    ".",
    "internal/lexer",
    "internal/lexer/scanner",
    "interpret/unordered",
    "parser",
    "parser/meta",
  ]
  pruneopts = "UT"
  revision = "37e74c06153d19e35f401e2d3bdc1ed5182be6c9"
  version = "v3.1.2"

[[projects]]
  digest = "1:573ca21d3669500ff845bdebee890eb7fc7f0f50c59f2132f2a0c6b03d85086a"
  name = "gopkg.in/golang/protobuf.v1"
  packages = ["proto"]
  pruneopts = "UT"
  revision = "6c65a5562fc06764971b7c5d05c76c75e84bdbf7"
  version = "v1.3.2"

[[projects]]
  digest = "1:027bd82a1f2bf4d5a81f883dbe15dec9dfcdd11f0e49d59e7b1a6694034a84a1"
  name = "gopkg.in/graphql-go/graphql.v0"
  packages = ["."]
  pruneopts = "UT"
  revision = "2b0b7340d2285b861482047fbf5de0488e021bea"
  version = "v0.7.8"

[solve-meta]
  analyzer-name = "dep"
  analyzer-version = 1
  input-imports = [
    "github.com/yoheimuta/go-protoparser",
    "gopkg.in/golang/protobuf.v1/proto",
    "gopkg.in/graphql-go/graphql.v0",
  ]
  solver-name = "gps-cdcl"
  solver-version = 1
